
Microsoft Visual Studio Solution File, Format Version 12.00
# Visual Studio Version 17
VisualStudioVersion = 17.3.32922.545
MinimumVisualStudioVersion = 10.0.40219.1
Project("{FAE04EC0-301F-11D3-BF4B-00C04F79EFBC}") = "Exercicios_Basicos", "Exercicios_Basicos.csproj", "{DCC3A253-D965-461F-9D2A-1CEB83446567}"
EndProject
Global
	GlobalSection(SolutionConfigurationPlatforms) = preSolution
		Debug|Any CPU = Debug|Any CPU
		Release|Any CPU = Release|Any CPU
	EndGlobalSection
	GlobalSection(ProjectConfigurationPlatforms) = postSolution
		{DCC3A253-D965-461F-9D2A-1CEB83446567}.Debug|Any CPU.ActiveCfg = Debug|Any CPU
		{DCC3A253-D965-461F-9D2A-1CEB83446567}.Debug|Any CPU.Build.0 = Debug|Any CPU
		{DCC3A253-D965-461F-9D2A-1CEB83446567}.Release|Any CPU.ActiveCfg = Release|Any CPU
		{DCC3A253-D965-461F-9D2A-1CEB83446567}.Release|Any CPU.Build.0 = Release|Any CPU
	EndGlobalSection
	GlobalSection(SolutionProperties) = preSolution
		HideSolutionNode = FALSE
	EndGlobalSection
	GlobalSection(ExtensibilityGlobals) = postSolution
		SolutionGuid = {722CF2A8-E8F9-42DD-9ADE-F9D15A7E3BBC}
	EndGlobalSection
EndGlobal
